
Microsoft Visual Studio Solution File, Format Version 12.00
# Visual Studio 15
VisualStudioVersion = 15.0.28307.1000
MinimumVisualStudioVersion = 10.0.40219.1
Project("{FAE04EC0-301F-11D3-BF4B-00C04F79EFBC}") = "Edi_read", "Edi_read\Edi_read.csproj", "{A2B71575-A3B8-4ECD-BD81-42AB752356B3}"
EndProject
Global
	GlobalSection(SolutionConfigurationPlatforms) = preSolution
		Debug|Any CPU = Debug|Any CPU
		Release|Any CPU = Release|Any CPU
	EndGlobalSection
	GlobalSection(ProjectConfigurationPlatforms) = postSolution
		{A2B71575-A3B8-4ECD-BD81-42AB752356B3}.Debug|Any CPU.ActiveCfg = Debug|Any CPU
		{A2B71575-A3B8-4ECD-BD81-42AB752356B3}.Debug|Any CPU.Build.0 = Debug|Any CPU
		{A2B71575-A3B8-4ECD-BD81-42AB752356B3}.Release|Any CPU.ActiveCfg = Release|Any CPU
		{A2B71575-A3B8-4ECD-BD81-42AB752356B3}.Release|Any CPU.Build.0 = Release|Any CPU
	EndGlobalSection
	GlobalSection(SolutionProperties) = preSolution
		HideSolutionNode = FALSE
	EndGlobalSection
	GlobalSection(ExtensibilityGlobals) = postSolution
		SolutionGuid = {E96EC9C4-3752-4865-AAA4-F4E2E7A847DA}
	EndGlobalSection
EndGlobal
